
Microsoft Visual Studio Solution File, Format Version 12.00
Project("{FAE04EC0-301F-11D3-BF4B-00C04F79EFBC}") = "Direwolf.Database", "Direwolf.Database\Direwolf.Database.csproj", "{6A561F67-7BB7-4EF3-841F-A2E6357288FF}"
	ProjectSection(ProjectDependencies) = postProject
		{9B69796A-8B46-4F23-872E-437BEB44A3A3} = {9B69796A-8B46-4F23-872E-437BEB44A3A3}
	EndProjectSection
EndProject
Project("{FAE04EC0-301F-11D3-BF4B-00C04F79EFBC}") = "Direwolf.Parser", "Direwolf.Parser\Direwolf.Parser.csproj", "{B52FF89B-697E-4F18-A71A-41BFE1B537C9}"
	ProjectSection(ProjectDependencies) = postProject
		{9B69796A-8B46-4F23-872E-437BEB44A3A3} = {9B69796A-8B46-4F23-872E-437BEB44A3A3}
	EndProjectSection
EndProject
Project("{FAE04EC0-301F-11D3-BF4B-00C04F79EFBC}") = "Direwolf.Definitions", "Direwolf.Definitions\Direwolf.Definitions.csproj", "{9B69796A-8B46-4F23-872E-437BEB44A3A3}"
EndProject
Project("{FAE04EC0-301F-11D3-BF4B-00C04F79EFBC}") = "Direwolf", "Direwolf\Direwolf.csproj", "{CE921BC4-455D-4AF3-AD40-992253203E46}"
	ProjectSection(ProjectDependencies) = postProject
		{6A561F67-7BB7-4EF3-841F-A2E6357288FF} = {6A561F67-7BB7-4EF3-841F-A2E6357288FF}
		{9B69796A-8B46-4F23-872E-437BEB44A3A3} = {9B69796A-8B46-4F23-872E-437BEB44A3A3}
		{B52FF89B-697E-4F18-A71A-41BFE1B537C9} = {B52FF89B-697E-4F18-A71A-41BFE1B537C9}
	EndProjectSection
EndProject
Global
	GlobalSection(SolutionConfigurationPlatforms) = preSolution
		Debug|Any CPU = Debug|Any CPU
		Release|Any CPU = Release|Any CPU
	EndGlobalSection
	GlobalSection(ProjectConfigurationPlatforms) = postSolution
		{6A561F67-7BB7-4EF3-841F-A2E6357288FF}.Debug|Any CPU.ActiveCfg = Debug|Any CPU
		{6A561F67-7BB7-4EF3-841F-A2E6357288FF}.Debug|Any CPU.Build.0 = Debug|Any CPU
		{6A561F67-7BB7-4EF3-841F-A2E6357288FF}.Release|Any CPU.ActiveCfg = Release|Any CPU
		{6A561F67-7BB7-4EF3-841F-A2E6357288FF}.Release|Any CPU.Build.0 = Release|Any CPU
		{B52FF89B-697E-4F18-A71A-41BFE1B537C9}.Debug|Any CPU.ActiveCfg = Debug|Any CPU
		{B52FF89B-697E-4F18-A71A-41BFE1B537C9}.Debug|Any CPU.Build.0 = Debug|Any CPU
		{B52FF89B-697E-4F18-A71A-41BFE1B537C9}.Release|Any CPU.ActiveCfg = Release|Any CPU
		{B52FF89B-697E-4F18-A71A-41BFE1B537C9}.Release|Any CPU.Build.0 = Release|Any CPU
		{9B69796A-8B46-4F23-872E-437BEB44A3A3}.Debug|Any CPU.ActiveCfg = Debug|Any CPU
		{9B69796A-8B46-4F23-872E-437BEB44A3A3}.Debug|Any CPU.Build.0 = Debug|Any CPU
		{9B69796A-8B46-4F23-872E-437BEB44A3A3}.Release|Any CPU.ActiveCfg = Release|Any CPU
		{9B69796A-8B46-4F23-872E-437BEB44A3A3}.Release|Any CPU.Build.0 = Release|Any CPU
		{CE921BC4-455D-4AF3-AD40-992253203E46}.Debug|Any CPU.ActiveCfg = Debug R25|Any CPU
		{CE921BC4-455D-4AF3-AD40-992253203E46}.Debug|Any CPU.Build.0 = Debug R25|Any CPU
	EndGlobalSection
EndGlobal
