
Microsoft Visual Studio Solution File, Format Version 12.00
Project("{FAE04EC0-301F-11D3-BF4B-00C04F79EFBC}") = "Direwolf", "Direwolf\Direwolf.csproj", "{6A561F67-7BB7-4EF3-841F-A2E6357288FF}"
	ProjectSection(ProjectDependencies) = postProject
		{9B69796A-8B46-4F23-872E-437BEB44A3A3} = {9B69796A-8B46-4F23-872E-437BEB44A3A3}
		{A7985DA1-E55E-4929-9435-767EC6B1489B} = {A7985DA1-E55E-4929-9435-767EC6B1489B}
	EndProjectSection
EndProject
Project("{FAE04EC0-301F-11D3-BF4B-00C04F79EFBC}") = "Direwolf.Definitions", "Direwolf.Definitions\Direwolf.Definitions.csproj", "{8B67BD0C-FE01-4FE7-8D11-F3E6725FAAF9}"
EndProject
Project("{FAE04EC0-301F-11D3-BF4B-00C04F79EFBC}") = "Direwolf.Revit", "Direwolf.Revit\Direwolf.Revit.csproj", "{7FDBBC48-6364-4D38-A81A-08D4EE9DCBC0}"
	ProjectSection(ProjectDependencies) = postProject
		{6A561F67-7BB7-4EF3-841F-A2E6357288FF} = {6A561F67-7BB7-4EF3-841F-A2E6357288FF}
		{8B67BD0C-FE01-4FE7-8D11-F3E6725FAAF9} = {8B67BD0C-FE01-4FE7-8D11-F3E6725FAAF9}
	EndProjectSection
EndProject
Project("{FAE04EC0-301F-11D3-BF4B-00C04F79EFBC}") = "Direwolf.Driver.MCP", "Direwolf.Driver.MCP\Direwolf.Driver.MCP.csproj", "{E4D19D63-A44B-41F9-87DC-DE6554250242}"
EndProject
Global
	GlobalSection(SolutionConfigurationPlatforms) = preSolution
		Debug|Any CPU = Debug|Any CPU
		Release|Any CPU = Release|Any CPU
	EndGlobalSection
	GlobalSection(ProjectConfigurationPlatforms) = postSolution
		{6A561F67-7BB7-4EF3-841F-A2E6357288FF}.Debug|Any CPU.ActiveCfg = Debug|Any CPU
		{6A561F67-7BB7-4EF3-841F-A2E6357288FF}.Debug|Any CPU.Build.0 = Debug|Any CPU
		{6A561F67-7BB7-4EF3-841F-A2E6357288FF}.Release|Any CPU.ActiveCfg = Release|Any CPU
		{6A561F67-7BB7-4EF3-841F-A2E6357288FF}.Release|Any CPU.Build.0 = Release|Any CPU
		{8B67BD0C-FE01-4FE7-8D11-F3E6725FAAF9}.Debug|Any CPU.ActiveCfg = Debug|Any CPU
		{8B67BD0C-FE01-4FE7-8D11-F3E6725FAAF9}.Debug|Any CPU.Build.0 = Debug|Any CPU
		{8B67BD0C-FE01-4FE7-8D11-F3E6725FAAF9}.Release|Any CPU.ActiveCfg = Release|Any CPU
		{8B67BD0C-FE01-4FE7-8D11-F3E6725FAAF9}.Release|Any CPU.Build.0 = Release|Any CPU
		{7FDBBC48-6364-4D38-A81A-08D4EE9DCBC0}.Debug|Any CPU.ActiveCfg = Debug R25|Any CPU
		{7FDBBC48-6364-4D38-A81A-08D4EE9DCBC0}.Debug|Any CPU.Build.0 = Debug R25|Any CPU
		{7FDBBC48-6364-4D38-A81A-08D4EE9DCBC0}.Release|Any CPU.ActiveCfg = Release R25|Any CPU
		{7FDBBC48-6364-4D38-A81A-08D4EE9DCBC0}.Release|Any CPU.Build.0 = Release R25|Any CPU
		{E4D19D63-A44B-41F9-87DC-DE6554250242}.Debug|Any CPU.ActiveCfg = Debug|Any CPU
		{E4D19D63-A44B-41F9-87DC-DE6554250242}.Debug|Any CPU.Build.0 = Debug|Any CPU
		{E4D19D63-A44B-41F9-87DC-DE6554250242}.Release|Any CPU.ActiveCfg = Release|Any CPU
		{E4D19D63-A44B-41F9-87DC-DE6554250242}.Release|Any CPU.Build.0 = Release|Any CPU
	EndGlobalSection
EndGlobal
